// !$*UTF8*$!
{
	archiveVersion = 1;
	classes = {
	};
	objectVersion = 56;
	objects = {

/* Begin PBXBuildFile section */
		3890EB6A2BF1D94C003E2F59 /* Seminar_DemoApp.swift in Sources */ = {isa = PBXBuildFile; fileRef = 3890EB692BF1D94C003E2F59 /* Seminar_DemoApp.swift */; };
		3890EB6C2BF1D94C003E2F59 /* ContentView.swift in Sources */ = {isa = PBXBuildFile; fileRef = 3890EB6B2BF1D94C003E2F59 /* ContentView.swift */; };
		3890EB6E2BF1D950003E2F59 /* Assets.xcassets in Resources */ = {isa = PBXBuildFile; fileRef = 3890EB6D2BF1D950003E2F59 /* Assets.xcassets */; };
		3890EB712BF1D950003E2F59 /* Preview Assets.xcassets in Resources */ = {isa = PBXBuildFile; fileRef = 3890EB702BF1D950003E2F59 /* Preview Assets.xcassets */; };
		3890EB7B2BF1D950003E2F59 /* Seminar_DemoTests.swift in Sources */ = {isa = PBXBuildFile; fileRef = 3890EB7A2BF1D950003E2F59 /* Seminar_DemoTests.swift */; };
		3890EB852BF1D950003E2F59 /* Seminar_DemoUITests.swift in Sources */ = {isa = PBXBuildFile; fileRef = 3890EB842BF1D950003E2F59 /* Seminar_DemoUITests.swift */; };
		3890EB872BF1D950003E2F59 /* Seminar_DemoUITestsLaunchTests.swift in Sources */ = {isa = PBXBuildFile; fileRef = 3890EB862BF1D950003E2F59 /* Seminar_DemoUITestsLaunchTests.swift */; };
/* End PBXBuildFile section */

/* Begin PBXContainerItemProxy section */
		3890EB772BF1D950003E2F59 /* PBXContainerItemProxy */ = {
			isa = PBXContainerItemProxy;
			containerPortal = 3890EB5E2BF1D94C003E2F59 /* Project object */;
			proxyType = 1;
			remoteGlobalIDString = 3890EB652BF1D94C003E2F59;
			remoteInfo = Seminar_Demo;
		};
		3890EB812BF1D950003E2F59 /* PBXContainerItemProxy */ = {
			isa = PBXContainerItemProxy;
			containerPortal = 3890EB5E2BF1D94C003E2F59 /* Project object */;
			proxyType = 1;
			remoteGlobalIDString = 3890EB652BF1D94C003E2F59;
			remoteInfo = Seminar_Demo;
		};
/* End PBXContainerItemProxy section */

/* Begin PBXFileReference section */
		3890EB662BF1D94C003E2F59 /* Seminar_Demo.app */ = {isa = PBXFileReference; explicitFileType = wrapper.application; includeInIndex = 0; path = Seminar_Demo.app; sourceTree = BUILT_PRODUCTS_DIR; };
		3890EB692BF1D94C003E2F59 /* Seminar_DemoApp.swift */ = {isa = PBXFileReference; lastKnownFileType = sourcecode.swift; path = Seminar_DemoApp.swift; sourceTree = "<group>"; };
		3890EB6B2BF1D94C003E2F59 /* ContentView.swift */ = {isa = PBXFileReference; lastKnownFileType = sourcecode.swift; path = ContentView.swift; sourceTree = "<group>"; };
		3890EB6D2BF1D950003E2F59 /* Assets.xcassets */ = {isa = PBXFileReference; lastKnownFileType = folder.assetcatalog; path = Assets.xcassets; sourceTree = "<group>"; };
		3890EB702BF1D950003E2F59 /* Preview Assets.xcassets */ = {isa = PBXFileReference; lastKnownFileType = folder.assetcatalog; path = "Preview Assets.xcassets"; sourceTree = "<group>"; };
		3890EB762BF1D950003E2F59 /* Seminar_DemoTests.xctest */ = {isa = PBXFileReference; explicitFileType = wrapper.cfbundle; includeInIndex = 0; path = Seminar_DemoTests.xctest; sourceTree = BUILT_PRODUCTS_DIR; };
		3890EB7A2BF1D950003E2F59 /* Seminar_DemoTests.swift */ = {isa = PBXFileReference; lastKnownFileType = sourcecode.swift; path = Seminar_DemoTests.swift; sourceTree = "<group>"; };
		3890EB802BF1D950003E2F59 /* Seminar_DemoUITests.xctest */ = {isa = PBXFileReference; explicitFileType = wrapper.cfbundle; includeInIndex = 0; path = Seminar_DemoUITests.xctest; sourceTree = BUILT_PRODUCTS_DIR; };
		3890EB842BF1D950003E2F59 /* Seminar_DemoUITests.swift */ = {isa = PBXFileReference; lastKnownFileType = sourcecode.swift; path = Seminar_DemoUITests.swift; sourceTree = "<group>"; };
		3890EB862BF1D950003E2F59 /* Seminar_DemoUITestsLaunchTests.swift */ = {isa = PBXFileReference; lastKnownFileType = sourcecode.swift; path = Seminar_DemoUITestsLaunchTests.swift; sourceTree = "<group>"; };
/* End PBXFileReference section */

/* Begin PBXFrameworksBuildPhase section */
		3890EB632BF1D94C003E2F59 /* Frameworks */ = {
			isa = PBXFrameworksBuildPhase;
			buildActionMask = 2147483647;
			files = (
			);
			runOnlyForDeploymentPostprocessing = 0;
		};
		3890EB732BF1D950003E2F59 /* Frameworks */ = {
			isa = PBXFrameworksBuildPhase;
			buildActionMask = 2147483647;
			files = (
			);
			runOnlyForDeploymentPostprocessing = 0;
		};
		3890EB7D2BF1D950003E2F59 /* Frameworks */ = {
			isa = PBXFrameworksBuildPhase;
			buildActionMask = 2147483647;
			files = (
			);
			runOnlyForDeploymentPostprocessing = 0;
		};
/* End PBXFrameworksBuildPhase section */

/* Begin PBXGroup section */
		3890EB5D2BF1D94C003E2F59 = {
			isa = PBXGroup;
			children = (
				3890EB682BF1D94C003E2F59 /* Seminar_Demo */,
				3890EB792BF1D950003E2F59 /* Seminar_DemoTests */,
				3890EB832BF1D950003E2F59 /* Seminar_DemoUITests */,
				3890EB672BF1D94C003E2F59 /* Products */,
			);
			sourceTree = "<group>";
		};
		3890EB672BF1D94C003E2F59 /* Products */ = {
			isa = PBXGroup;
			children = (
				3890EB662BF1D94C003E2F59 /* Seminar_Demo.app */,
				3890EB762BF1D950003E2F59 /* Seminar_DemoTests.xctest */,
				3890EB802BF1D950003E2F59 /* Seminar_DemoUITests.xctest */,
			);
			name = Products;
			sourceTree = "<group>";
		};
		3890EB682BF1D94C003E2F59 /* Seminar_Demo */ = {
			isa = PBXGroup;
			children = (
				3890EB692BF1D94C003E2F59 /* Seminar_DemoApp.swift */,
				3890EB6B2BF1D94C003E2F59 /* ContentView.swift */,
				3890EB6D2BF1D950003E2F59 /* Assets.xcassets */,
				3890EB6F2BF1D950003E2F59 /* Preview Content */,
			);
			path = Seminar_Demo;
			sourceTree = "<group>";
		};
		3890EB6F2BF1D950003E2F59 /* Preview Content */ = {
			isa = PBXGroup;
			children = (
				3890EB702BF1D950003E2F59 /* Preview Assets.xcassets */,
			);
			path = "Preview Content";
			sourceTree = "<group>";
		};
		3890EB792BF1D950003E2F59 /* Seminar_DemoTests */ = {
			isa = PBXGroup;
			children = (
				3890EB7A2BF1D950003E2F59 /* Seminar_DemoTests.swift */,
			);
			path = Seminar_DemoTests;
			sourceTree = "<group>";
		};
		3890EB832BF1D950003E2F59 /* Seminar_DemoUITests */ = {
			isa = PBXGroup;
			children = (
				3890EB842BF1D950003E2F59 /* Seminar_DemoUITests.swift */,
				3890EB862BF1D950003E2F59 /* Seminar_DemoUITestsLaunchTests.swift */,
			);
			path = Seminar_DemoUITests;
			sourceTree = "<group>";
		};
/* End PBXGroup section */

/* Begin PBXNativeTarget section */
		3890EB652BF1D94C003E2F59 /* Seminar_Demo */ = {
			isa = PBXNativeTarget;
			buildConfigurationList = 3890EB8A2BF1D950003E2F59 /* Build configuration list for PBXNativeTarget "Seminar_Demo" */;
			buildPhases = (
				3890EB622BF1D94C003E2F59 /* Sources */,
				3890EB632BF1D94C003E2F59 /* Frameworks */,
				3890EB642BF1D94C003E2F59 /* Resources */,
			);
			buildRules = (
			);
			dependencies = (
			);
			name = Seminar_Demo;
			productName = Seminar_Demo;
			productReference = 3890EB662BF1D94C003E2F59 /* Seminar_Demo.app */;
			productType = "com.apple.product-type.application";
		};
		3890EB752BF1D950003E2F59 /* Seminar_DemoTests */ = {
			isa = PBXNativeTarget;
			buildConfigurationList = 3890EB8D2BF1D950003E2F59 /* Build configuration list for PBXNativeTarget "Seminar_DemoTests" */;
			buildPhases = (
				3890EB722BF1D950003E2F59 /* Sources */,
				3890EB732BF1D950003E2F59 /* Frameworks */,
				3890EB742BF1D950003E2F59 /* Resources */,
			);
			buildRules = (
			);
			dependencies = (
				3890EB782BF1D950003E2F59 /* PBXTargetDependency */,
			);
			name = Seminar_DemoTests;
			productName = Seminar_DemoTests;
			productReference = 3890EB762BF1D950003E2F59 /* Seminar_DemoTests.xctest */;
			productType = "com.apple.product-type.bundle.unit-test";
		};
		3890EB7F2BF1D950003E2F59 /* Seminar_DemoUITests */ = {
			isa = PBXNativeTarget;
			buildConfigurationList = 3890EB902BF1D950003E2F59 /* Build configuration list for PBXNativeTarget "Seminar_DemoUITests" */;
			buildPhases = (
				3890EB7C2BF1D950003E2F59 /* Sources */,
				3890EB7D2BF1D950003E2F59 /* Frameworks */,
				3890EB7E2BF1D950003E2F59 /* Resources */,
			);
			buildRules = (
			);
			dependencies = (
				3890EB822BF1D950003E2F59 /* PBXTargetDependency */,
			);
			name = Seminar_DemoUITests;
			productName = Seminar_DemoUITests;
			productReference = 3890EB802BF1D950003E2F59 /* Seminar_DemoUITests.xctest */;
			productType = "com.apple.product-type.bundle.ui-testing";
		};
/* End PBXNativeTarget section */

/* Begin PBXProject section */
		3890EB5E2BF1D94C003E2F59 /* Project object */ = {
			isa = PBXProject;
			attributes = {
				BuildIndependentTargetsInParallel = 1;
				LastSwiftUpdateCheck = 1530;
				LastUpgradeCheck = 1530;
				TargetAttributes = {
					3890EB652BF1D94C003E2F59 = {
						CreatedOnToolsVersion = 15.3;
					};
					3890EB752BF1D950003E2F59 = {
						CreatedOnToolsVersion = 15.3;
						TestTargetID = 3890EB652BF1D94C003E2F59;
					};
					3890EB7F2BF1D950003E2F59 = {
						CreatedOnToolsVersion = 15.3;
						TestTargetID = 3890EB652BF1D94C003E2F59;
					};
				};
			};
			buildConfigurationList = 3890EB612BF1D94C003E2F59 /* Build configuration list for PBXProject "Seminar_Demo" */;
			compatibilityVersion = "Xcode 14.0";
			developmentRegion = en;
			hasScannedForEncodings = 0;
			knownRegions = (
				en,
				Base,
			);
			mainGroup = 3890EB5D2BF1D94C003E2F59;
			productRefGroup = 3890EB672BF1D94C003E2F59 /* Products */;
			projectDirPath = "";
			projectRoot = "";
			targets = (
				3890EB652BF1D94C003E2F59 /* Seminar_Demo */,
				3890EB752BF1D950003E2F59 /* Seminar_DemoTests */,
				3890EB7F2BF1D950003E2F59 /* Seminar_DemoUITests */,
			);
		};
/* End PBXProject section */

/* Begin PBXResourcesBuildPhase section */
		3890EB642BF1D94C003E2F59 /* Resources */ = {
			isa = PBXResourcesBuildPhase;
			buildActionMask = 2147483647;
			files = (
				3890EB712BF1D950003E2F59 /* Preview Assets.xcassets in Resources */,
				3890EB6E2BF1D950003E2F59 /* Assets.xcassets in Resources */,
			);
			runOnlyForDeploymentPostprocessing = 0;
		};
		3890EB742BF1D950003E2F59 /* Resources */ = {
			isa = PBXResourcesBuildPhase;
			buildActionMask = 2147483647;
			files = (
			);
			runOnlyForDeploymentPostprocessing = 0;
		};
		3890EB7E2BF1D950003E2F59 /* Resources */ = {
			isa = PBXResourcesBuildPhase;
			buildActionMask = 2147483647;
			files = (
			);
			runOnlyForDeploymentPostprocessing = 0;
		};
/* End PBXResourcesBuildPhase section */

/* Begin PBXSourcesBuildPhase section */
		3890EB622BF1D94C003E2F59 /* Sources */ = {
			isa = PBXSourcesBuildPhase;
			buildActionMask = 2147483647;
			files = (
				3890EB6C2BF1D94C003E2F59 /* ContentView.swift in Sources */,
				3890EB6A2BF1D94C003E2F59 /* Seminar_DemoApp.swift in Sources */,
			);
			runOnlyForDeploymentPostprocessing = 0;
		};
		3890EB722BF1D950003E2F59 /* Sources */ = {
			isa = PBXSourcesBuildPhase;
			buildActionMask = 2147483647;
			files = (
				3890EB7B2BF1D950003E2F59 /* Seminar_DemoTests.swift in Sources */,
			);
			runOnlyForDeploymentPostprocessing = 0;
		};
		3890EB7C2BF1D950003E2F59 /* Sources */ = {
			isa = PBXSourcesBuildPhase;
			buildActionMask = 2147483647;
			files = (
				3890EB852BF1D950003E2F59 /* Seminar_DemoUITests.swift in Sources */,
				3890EB872BF1D950003E2F59 /* Seminar_DemoUITestsLaunchTests.swift in Sources */,
			);
			runOnlyForDeploymentPostprocessing = 0;
		};
/* End PBXSourcesBuildPhase section */

/* Begin PBXTargetDependency section */
		3890EB782BF1D950003E2F59 /* PBXTargetDependency */ = {
			isa = PBXTargetDependency;
			target = 3890EB652BF1D94C003E2F59 /* Seminar_Demo */;
			targetProxy = 3890EB772BF1D950003E2F59 /* PBXContainerItemProxy */;
		};
		3890EB822BF1D950003E2F59 /* PBXTargetDependency */ = {
			isa = PBXTargetDependency;
			target = 3890EB652BF1D94C003E2F59 /* Seminar_Demo */;
			targetProxy = 3890EB812BF1D950003E2F59 /* PBXContainerItemProxy */;
		};
/* End PBXTargetDependency section */

/* Begin XCBuildConfiguration section */
		3890EB882BF1D950003E2F59 /* Debug */ = {
			isa = XCBuildConfiguration;
			buildSettings = {
				ALWAYS_SEARCH_USER_PATHS = NO;
				ASSETCATALOG_COMPILER_GENERATE_SWIFT_ASSET_SYMBOL_EXTENSIONS = YES;
				CLANG_ANALYZER_NONNULL = YES;
				CLANG_ANALYZER_NUMBER_OBJECT_CONVERSION = YES_AGGRESSIVE;
				CLANG_CXX_LANGUAGE_STANDARD = "gnu++20";
				CLANG_ENABLE_MODULES = YES;
				CLANG_ENABLE_OBJC_ARC = YES;
				CLANG_ENABLE_OBJC_WEAK = YES;
				CLANG_WARN_BLOCK_CAPTURE_AUTORELEASING = YES;
				CLANG_WARN_BOOL_CONVERSION = YES;
				CLANG_WARN_COMMA = YES;
				CLANG_WARN_CONSTANT_CONVERSION = YES;
				CLANG_WARN_DEPRECATED_OBJC_IMPLEMENTATIONS = YES;
				CLANG_WARN_DIRECT_OBJC_ISA_USAGE = YES_ERROR;
				CLANG_WARN_DOCUMENTATION_COMMENTS = YES;
				CLANG_WARN_EMPTY_BODY = YES;
				CLANG_WARN_ENUM_CONVERSION = YES;
				CLANG_WARN_INFINITE_RECURSION = YES;
				CLANG_WARN_INT_CONVERSION = YES;
				CLANG_WARN_NON_LITERAL_NULL_CONVERSION = YES;
				CLANG_WARN_OBJC_IMPLICIT_RETAIN_SELF = YES;
				CLANG_WARN_OBJC_LITERAL_CONVERSION = YES;
				CLANG_WARN_OBJC_ROOT_CLASS = YES_ERROR;
				CLANG_WARN_QUOTED_INCLUDE_IN_FRAMEWORK_HEADER = YES;
				CLANG_WARN_RANGE_LOOP_ANALYSIS = YES;
				CLANG_WARN_STRICT_PROTOTYPES = YES;
				CLANG_WARN_SUSPICIOUS_MOVE = YES;
				CLANG_WARN_UNGUARDED_AVAILABILITY = YES_AGGRESSIVE;
				CLANG_WARN_UNREACHABLE_CODE = YES;
				CLANG_WARN__DUPLICATE_METHOD_MATCH = YES;
				COPY_PHASE_STRIP = NO;
				DEBUG_INFORMATION_FORMAT = dwarf;
				ENABLE_STRICT_OBJC_MSGSEND = YES;
				ENABLE_TESTABILITY = YES;
				ENABLE_USER_SCRIPT_SANDBOXING = YES;
				GCC_C_LANGUAGE_STANDARD = gnu17;
				GCC_DYNAMIC_NO_PIC = NO;
				GCC_NO_COMMON_BLOCKS = YES;
				GCC_OPTIMIZATION_LEVEL = 0;
				GCC_PREPROCESSOR_DEFINITIONS = (
					"DEBUG=1",
					"$(inherited)",
				);
				GCC_WARN_64_TO_32_BIT_CONVERSION = YES;
				GCC_WARN_ABOUT_RETURN_TYPE = YES_ERROR;
				GCC_WARN_UNDECLARED_SELECTOR = YES;
				GCC_WARN_UNINITIALIZED_AUTOS = YES_AGGRESSIVE;
				GCC_WARN_UNUSED_FUNCTION = YES;
				GCC_WARN_UNUSED_VARIABLE = YES;
				IPHONEOS_DEPLOYMENT_TARGET = 17.4;
				LOCALIZATION_PREFERS_STRING_CATALOGS = YES;
				MTL_ENABLE_DEBUG_INFO = INCLUDE_SOURCE;
				MTL_FAST_MATH = YES;
				ONLY_ACTIVE_ARCH = YES;
				SDKROOT = iphoneos;
				SWIFT_ACTIVE_COMPILATION_CONDITIONS = "DEBUG $(inherited)";
				SWIFT_OPTIMIZATION_LEVEL = "-Onone";
			};
			name = Debug;
		};
		3890EB892BF1D950003E2F59 /* Release */ = {
			isa = XCBuildConfiguration;
			buildSettings = {
				ALWAYS_SEARCH_USER_PATHS = NO;
				ASSETCATALOG_COMPILER_GENERATE_SWIFT_ASSET_SYMBOL_EXTENSIONS = YES;
				CLANG_ANALYZER_NONNULL = YES;
				CLANG_ANALYZER_NUMBER_OBJECT_CONVERSION = YES_AGGRESSIVE;
				CLANG_CXX_LANGUAGE_STANDARD = "gnu++20";
				CLANG_ENABLE_MODULES = YES;
				CLANG_ENABLE_OBJC_ARC = YES;
				CLANG_ENABLE_OBJC_WEAK = YES;
				CLANG_WARN_BLOCK_CAPTURE_AUTORELEASING = YES;
				CLANG_WARN_BOOL_CONVERSION = YES;
				CLANG_WARN_COMMA = YES;
				CLANG_WARN_CONSTANT_CONVERSION = YES;
				CLANG_WARN_DEPRECATED_OBJC_IMPLEMENTATIONS = YES;
				CLANG_WARN_DIRECT_OBJC_ISA_USAGE = YES_ERROR;
				CLANG_WARN_DOCUMENTATION_COMMENTS = YES;
				CLANG_WARN_EMPTY_BODY = YES;
				CLANG_WARN_ENUM_CONVERSION = YES;
				CLANG_WARN_INFINITE_RECURSION = YES;
				CLANG_WARN_INT_CONVERSION = YES;
				CLANG_WARN_NON_LITERAL_NULL_CONVERSION = YES;
				CLANG_WARN_OBJC_IMPLICIT_RETAIN_SELF = YES;
				CLANG_WARN_OBJC_LITERAL_CONVERSION = YES;
				CLANG_WARN_OBJC_ROOT_CLASS = YES_ERROR;
				CLANG_WARN_QUOTED_INCLUDE_IN_FRAMEWORK_HEADER = YES;
				CLANG_WARN_RANGE_LOOP_ANALYSIS = YES;
				CLANG_WARN_STRICT_PROTOTYPES = YES;
				CLANG_WARN_SUSPICIOUS_MOVE = YES;
				CLANG_WARN_UNGUARDED_AVAILABILITY = YES_AGGRESSIVE;
				CLANG_WARN_UNREACHABLE_CODE = YES;
				CLANG_WARN__DUPLICATE_METHOD_MATCH = YES;
				COPY_PHASE_STRIP = NO;
				DEBUG_INFORMATION_FORMAT = "dwarf-with-dsym";
				ENABLE_NS_ASSERTIONS = NO;
				ENABLE_STRICT_OBJC_MSGSEND = YES;
				ENABLE_USER_SCRIPT_SANDBOXING = YES;
				GCC_C_LANGUAGE_STANDARD = gnu17;
				GCC_NO_COMMON_BLOCKS = YES;
				GCC_WARN_64_TO_32_BIT_CONVERSION = YES;
				GCC_WARN_ABOUT_RETURN_TYPE = YES_ERROR;
				GCC_WARN_UNDECLARED_SELECTOR = YES;
				GCC_WARN_UNINITIALIZED_AUTOS = YES_AGGRESSIVE;
				GCC_WARN_UNUSED_FUNCTION = YES;
				GCC_WARN_UNUSED_VARIABLE = YES;
				IPHONEOS_DEPLOYMENT_TARGET = 17.4;
				LOCALIZATION_PREFERS_STRING_CATALOGS = YES;
				MTL_ENABLE_DEBUG_INFO = NO;
				MTL_FAST_MATH = YES;
				SDKROOT = iphoneos;
				SWIFT_COMPILATION_MODE = wholemodule;
				VALIDATE_PRODUCT = YES;
			};
			name = Release;
		};
		3890EB8B2BF1D950003E2F59 /* Debug */ = {
			isa = XCBuildConfiguration;
			buildSettings = {
				ASSETCATALOG_COMPILER_APPICON_NAME = AppIcon;
				ASSETCATALOG_COMPILER_GLOBAL_ACCENT_COLOR_NAME = AccentColor;
				CODE_SIGN_STYLE = Automatic;
				CURRENT_PROJECT_VERSION = 1;
				DEVELOPMENT_ASSET_PATHS = "\"Seminar_Demo/Preview Content\"";
				DEVELOPMENT_TEAM = B5UDZ3WJJ7;
				ENABLE_PREVIEWS = YES;
				GENERATE_INFOPLIST_FILE = YES;
				INFOPLIST_KEY_UIApplicationSceneManifest_Generation = YES;
				INFOPLIST_KEY_UIApplicationSupportsIndirectInputEvents = YES;
				INFOPLIST_KEY_UILaunchScreen_Generation = YES;
				INFOPLIST_KEY_UISupportedInterfaceOrientations_iPad = "UIInterfaceOrientationPortrait UIInterfaceOrientationPortraitUpsideDown UIInterfaceOrientationLandscapeLeft UIInterfaceOrientationLandscapeRight";
				INFOPLIST_KEY_UISupportedInterfaceOrientations_iPhone = "UIInterfaceOrientationPortrait UIInterfaceOrientationLandscapeLeft UIInterfaceOrientationLandscapeRight";
				LD_RUNPATH_SEARCH_PATHS = (
					"$(inherited)",
					"@executable_path/Frameworks",
				);
				MARKETING_VERSION = 1.0;
				PRODUCT_BUNDLE_IDENTIFIER = "com.kouki.Seminar-Demo";
				PRODUCT_NAME = "$(TARGET_NAME)";
				SWIFT_EMIT_LOC_STRINGS = YES;
				SWIFT_VERSION = 5.0;
				TARGETED_DEVICE_FAMILY = "1,2";
			};
			name = Debug;
		};
		3890EB8C2BF1D950003E2F59 /* Release */ = {
			isa = XCBuildConfiguration;
			buildSettings = {
				ASSETCATALOG_COMPILER_APPICON_NAME = AppIcon;
				ASSETCATALOG_COMPILER_GLOBAL_ACCENT_COLOR_NAME = AccentColor;
				CODE_SIGN_STYLE = Automatic;
				CURRENT_PROJECT_VERSION = 1;
				DEVELOPMENT_ASSET_PATHS = "\"Seminar_Demo/Preview Content\"";
				DEVELOPMENT_TEAM = B5UDZ3WJJ7;
				ENABLE_PREVIEWS = YES;
				GENERATE_INFOPLIST_FILE = YES;
				INFOPLIST_KEY_UIApplicationSceneManifest_Generation = YES;
				INFOPLIST_KEY_UIApplicationSupportsIndirectInputEvents = YES;
				INFOPLIST_KEY_UILaunchScreen_Generation = YES;
				INFOPLIST_KEY_UISupportedInterfaceOrientations_iPad = "UIInterfaceOrientationPortrait UIInterfaceOrientationPortraitUpsideDown UIInterfaceOrientationLandscapeLeft UIInterfaceOrientationLandscapeRight";
				INFOPLIST_KEY_UISupportedInterfaceOrientations_iPhone = "UIInterfaceOrientationPortrait UIInterfaceOrientationLandscapeLeft UIInterfaceOrientationLandscapeRight";
				LD_RUNPATH_SEARCH_PATHS = (
					"$(inherited)",
					"@executable_path/Frameworks",
				);
				MARKETING_VERSION = 1.0;
				PRODUCT_BUNDLE_IDENTIFIER = "com.kouki.Seminar-Demo";
				PRODUCT_NAME = "$(TARGET_NAME)";
				SWIFT_EMIT_LOC_STRINGS = YES;
				SWIFT_VERSION = 5.0;
				TARGETED_DEVICE_FAMILY = "1,2";
			};
			name = Release;
		};
		3890EB8E2BF1D950003E2F59 /* Debug */ = {
			isa = XCBuildConfiguration;
			buildSettings = {
				ALWAYS_EMBED_SWIFT_STANDARD_LIBRARIES = YES;
				BUNDLE_LOADER = "$(TEST_HOST)";
				CODE_SIGN_STYLE = Automatic;
				CURRENT_PROJECT_VERSION = 1;
				DEVELOPMENT_TEAM = B5UDZ3WJJ7;
				GENERATE_INFOPLIST_FILE = YES;
				IPHONEOS_DEPLOYMENT_TARGET = 17.4;
				MARKETING_VERSION = 1.0;
				PRODUCT_BUNDLE_IDENTIFIER = "com.kouki.Seminar-DemoTests";
				PRODUCT_NAME = "$(TARGET_NAME)";
				SWIFT_EMIT_LOC_STRINGS = NO;
				SWIFT_VERSION = 5.0;
				TARGETED_DEVICE_FAMILY = "1,2";
				TEST_HOST = "$(BUILT_PRODUCTS_DIR)/Seminar_Demo.app/$(BUNDLE_EXECUTABLE_FOLDER_PATH)/Seminar_Demo";
			};
			name = Debug;
		};
		3890EB8F2BF1D950003E2F59 /* Release */ = {
			isa = XCBuildConfiguration;
			buildSettings = {
				ALWAYS_EMBED_SWIFT_STANDARD_LIBRARIES = YES;
				BUNDLE_LOADER = "$(TEST_HOST)";
				CODE_SIGN_STYLE = Automatic;
				CURRENT_PROJECT_VERSION = 1;
				DEVELOPMENT_TEAM = B5UDZ3WJJ7;
				GENERATE_INFOPLIST_FILE = YES;
				IPHONEOS_DEPLOYMENT_TARGET = 17.4;
				MARKETING_VERSION = 1.0;
				PRODUCT_BUNDLE_IDENTIFIER = "com.kouki.Seminar-DemoTests";
				PRODUCT_NAME = "$(TARGET_NAME)";
				SWIFT_EMIT_LOC_STRINGS = NO;
				SWIFT_VERSION = 5.0;
				TARGETED_DEVICE_FAMILY = "1,2";
				TEST_HOST = "$(BUILT_PRODUCTS_DIR)/Seminar_Demo.app/$(BUNDLE_EXECUTABLE_FOLDER_PATH)/Seminar_Demo";
			};
			name = Release;
		};
		3890EB912BF1D950003E2F59 /* Debug */ = {
			isa = XCBuildConfiguration;
			buildSettings = {
				ALWAYS_EMBED_SWIFT_STANDARD_LIBRARIES = YES;
				CODE_SIGN_STYLE = Automatic;
				CURRENT_PROJECT_VERSION = 1;
				DEVELOPMENT_TEAM = B5UDZ3WJJ7;
				GENERATE_INFOPLIST_FILE = YES;
				MARKETING_VERSION = 1.0;
				PRODUCT_BUNDLE_IDENTIFIER = "com.kouki.Seminar-DemoUITests";
				PRODUCT_NAME = "$(TARGET_NAME)";
				SWIFT_EMIT_LOC_STRINGS = NO;
				SWIFT_VERSION = 5.0;
				TARGETED_DEVICE_FAMILY = "1,2";
				TEST_TARGET_NAME = Seminar_Demo;
			};
			name = Debug;
		};
		3890EB922BF1D950003E2F59 /* Release */ = {
			isa = XCBuildConfiguration;
			buildSettings = {
				ALWAYS_EMBED_SWIFT_STANDARD_LIBRARIES = YES;
				CODE_SIGN_STYLE = Automatic;
				CURRENT_PROJECT_VERSION = 1;
				DEVELOPMENT_TEAM = B5UDZ3WJJ7;
				GENERATE_INFOPLIST_FILE = YES;
				MARKETING_VERSION = 1.0;
				PRODUCT_BUNDLE_IDENTIFIER = "com.kouki.Seminar-DemoUITests";
				PRODUCT_NAME = "$(TARGET_NAME)";
				SWIFT_EMIT_LOC_STRINGS = NO;
				SWIFT_VERSION = 5.0;
				TARGETED_DEVICE_FAMILY = "1,2";
				TEST_TARGET_NAME = Seminar_Demo;
			};
			name = Release;
		};
/* End XCBuildConfiguration section */

/* Begin XCConfigurationList section */
		3890EB612BF1D94C003E2F59 /* Build configuration list for PBXProject "Seminar_Demo" */ = {
			isa = XCConfigurationList;
			buildConfigurations = (
				3890EB882BF1D950003E2F59 /* Debug */,
				3890EB892BF1D950003E2F59 /* Release */,
			);
			defaultConfigurationIsVisible = 0;
			defaultConfigurationName = Release;
		};
		3890EB8A2BF1D950003E2F59 /* Build configuration list for PBXNativeTarget "Seminar_Demo" */ = {
			isa = XCConfigurationList;
			buildConfigurations = (
				3890EB8B2BF1D950003E2F59 /* Debug */,
				3890EB8C2BF1D950003E2F59 /* Release */,
			);
			defaultConfigurationIsVisible = 0;
			defaultConfigurationName = Release;
		};
		3890EB8D2BF1D950003E2F59 /* Build configuration list for PBXNativeTarget "Seminar_DemoTests" */ = {
			isa = XCConfigurationList;
			buildConfigurations = (
				3890EB8E2BF1D950003E2F59 /* Debug */,
				3890EB8F2BF1D950003E2F59 /* Release */,
			);
			defaultConfigurationIsVisible = 0;
			defaultConfigurationName = Release;
		};
		3890EB902BF1D950003E2F59 /* Build configuration list for PBXNativeTarget "Seminar_DemoUITests" */ = {
			isa = XCConfigurationList;
			buildConfigurations = (
				3890EB912BF1D950003E2F59 /* Debug */,
				3890EB922BF1D950003E2F59 /* Release */,
			);
			defaultConfigurationIsVisible = 0;
			defaultConfigurationName = Release;
		};
/* End XCConfigurationList section */
	};
	rootObject = 3890EB5E2BF1D94C003E2F59 /* Project object */;
}
